
Microsoft Visual Studio Solution File, Format Version 12.00
# Visual Studio Version 16
VisualStudioVersion = 16.0.31410.357
MinimumVisualStudioVersion = 10.0.40219.1
Project("{FAE04EC0-301F-11D3-BF4B-00C04F79EFBC}") = "EmployeeManagementSystem", "EmployeeManagementSystem.csproj", "{14199742-334B-4467-A05D-C7A627EBA099}"
EndProject
Global
	GlobalSection(SolutionConfigurationPlatforms) = preSolution
		Debug|Any CPU = Debug|Any CPU
		Release|Any CPU = Release|Any CPU
	EndGlobalSection
	GlobalSection(ProjectConfigurationPlatforms) = postSolution
		{14199742-334B-4467-A05D-C7A627EBA099}.Debug|Any CPU.ActiveCfg = Debug|Any CPU
		{14199742-334B-4467-A05D-C7A627EBA099}.Debug|Any CPU.Build.0 = Debug|Any CPU
		{14199742-334B-4467-A05D-C7A627EBA099}.Release|Any CPU.ActiveCfg = Release|Any CPU
		{14199742-334B-4467-A05D-C7A627EBA099}.Release|Any CPU.Build.0 = Release|Any CPU
	EndGlobalSection
	GlobalSection(SolutionProperties) = preSolution
		HideSolutionNode = FALSE
	EndGlobalSection
	GlobalSection(ExtensibilityGlobals) = postSolution
		SolutionGuid = {C62C7F72-4E12-433E-8988-F1732A37565B}
	EndGlobalSection
EndGlobal
